
Microsoft Visual Studio Solution File, Format Version 12.00
# Visual Studio Version 17
VisualStudioVersion = 17.6.33829.357
MinimumVisualStudioVersion = 10.0.40219.1
Project("{FAE04EC0-301F-11D3-BF4B-00C04F79EFBC}") = "10.2", "10.2\10.2.csproj", "{C7F00496-F651-46A6-BE92-118E0DC5A3BD}"
EndProject
Global
	GlobalSection(SolutionConfigurationPlatforms) = preSolution
		Debug|Any CPU = Debug|Any CPU
		Release|Any CPU = Release|Any CPU
	EndGlobalSection
	GlobalSection(ProjectConfigurationPlatforms) = postSolution
		{C7F00496-F651-46A6-BE92-118E0DC5A3BD}.Debug|Any CPU.ActiveCfg = Debug|Any CPU
		{C7F00496-F651-46A6-BE92-118E0DC5A3BD}.Debug|Any CPU.Build.0 = Debug|Any CPU
		{C7F00496-F651-46A6-BE92-118E0DC5A3BD}.Release|Any CPU.ActiveCfg = Release|Any CPU
		{C7F00496-F651-46A6-BE92-118E0DC5A3BD}.Release|Any CPU.Build.0 = Release|Any CPU
	EndGlobalSection
	GlobalSection(SolutionProperties) = preSolution
		HideSolutionNode = FALSE
	EndGlobalSection
	GlobalSection(ExtensibilityGlobals) = postSolution
		SolutionGuid = {6395D8B7-ADE6-4E9E-BA3B-F5051539DF42}
	EndGlobalSection
EndGlobal
